{
  "originHash" : "f4d3fcf964660e297d85a1e7adf2648fff36429e218b2b76549293a66024bb30",
  "pins" : [
    {
      "identity" : "punycodeswift",
      "kind" : "remoteSourceControl",
      "location" : "https://github.com/gumob/PunycodeSwift.git",
      "state" : {
        "revision" : "30a462bdb4398ea835a3585472229e0d74b36ba5",
        "version" : "3.0.0"
      }
    },
    {
      "identity" : "swift-psl",
      "kind" : "remoteSourceControl",
      "location" : "https://github.com/ameshkov/swift-psl",
      "state" : {
        "revision" : "2fcc99d7475fe3a71767e52cef60fc2dee9e34f2",
        "version" : "1.1.161"
      }
    }
  ],
  "version" : 3
}
