{
  "originHash" : "90b3b3abb438b6198bd4bf38c34b128e502785c9250b5e024d04918ab59811b6",
  "pins" : [
    {
      "identity" : "punycodeswift",
      "kind" : "remoteSourceControl",
      "location" : "https://github.com/gumob/PunycodeSwift.git",
      "state" : {
        "revision" : "30a462bdb4398ea835a3585472229e0d74b36ba5",
        "version" : "3.0.0"
      }
    },
    {
      "identity" : "swift-psl",
      "kind" : "remoteSourceControl",
      "location" : "https://github.com/ameshkov/swift-psl",
      "state" : {
        "revision" : "2d1f3b17e77744279cc4cfca83ee88afd1a0800b",
        "version" : "1.1.164"
      }
    }
  ],
  "version" : 3
}
